// !$*UTF8*$!
{
	archiveVersion = 1;
	classes = {
	};
	objectVersion = 46;
	objects = {

/* Begin PBXBuildFile section */
		FFD0D58815051116004201B2 /* UIKit.framework in Frameworks */ = {isa = PBXBuildFile; fileRef = FFD0D58715051116004201B2 /* UIKit.framework */; };
		FFD0D58A15051116004201B2 /* Foundation.framework in Frameworks */ = {isa = PBXBuildFile; fileRef = FFD0D58915051116004201B2 /* Foundation.framework */; };
		FFD0D58C15051116004201B2 /* CoreGraphics.framework in Frameworks */ = {isa = PBXBuildFile; fileRef = FFD0D58B15051116004201B2 /* CoreGraphics.framework */; };
		FFD0D59215051116004201B2 /* InfoPlist.strings in Resources */ = {isa = PBXBuildFile; fileRef = FFD0D59015051116004201B2 /* InfoPlist.strings */; };
		FFD0D59415051116004201B2 /* main.m in Sources */ = {isa = PBXBuildFile; fileRef = FFD0D59315051116004201B2 /* main.m */; };
		FFD0D59815051116004201B2 /* AppDelegate.m in Sources */ = {isa = PBXBuildFile; fileRef = FFD0D59715051116004201B2 /* AppDelegate.m */; };
		FFD0D5BF150511F2004201B2 /* NSAttributeDescription+MagicalDataImport.m in Sources */ = {isa = PBXBuildFile; fileRef = FFD0D5A2150511F2004201B2 /* NSAttributeDescription+MagicalDataImport.m */; };
		FFD0D5C0150511F2004201B2 /* NSEntityDescription+MagicalDataImport.m in Sources */ = {isa = PBXBuildFile; fileRef = FFD0D5A4150511F2004201B2 /* NSEntityDescription+MagicalDataImport.m */; };
		FFD0D5C1150511F2004201B2 /* NSNumber+MagicalDataImport.m in Sources */ = {isa = PBXBuildFile; fileRef = FFD0D5A6150511F2004201B2 /* NSNumber+MagicalDataImport.m */; };
		FFD0D5C2150511F2004201B2 /* NSObject+MagicalDataImport.m in Sources */ = {isa = PBXBuildFile; fileRef = FFD0D5A8150511F2004201B2 /* NSObject+MagicalDataImport.m */; };
		FFD0D5C3150511F2004201B2 /* NSRelationshipDescription+MagicalDataImport.m in Sources */ = {isa = PBXBuildFile; fileRef = FFD0D5AA150511F2004201B2 /* NSRelationshipDescription+MagicalDataImport.m */; };
		FFD0D5C4150511F2004201B2 /* NSString+MagicalDataImport.m in Sources */ = {isa = PBXBuildFile; fileRef = FFD0D5AC150511F2004201B2 /* NSString+MagicalDataImport.m */; };
		FFD0D5C5150511F2004201B2 /* NSManagedObject+MagicalDataImport.m in Sources */ = {isa = PBXBuildFile; fileRef = FFD0D5AE150511F2004201B2 /* NSManagedObject+MagicalDataImport.m */; };
		FFD0D5C6150511F2004201B2 /* NSManagedObject+MagicalRecord.m in Sources */ = {isa = PBXBuildFile; fileRef = FFD0D5B0150511F2004201B2 /* NSManagedObject+MagicalRecord.m */; };
		FFD0D5C7150511F2004201B2 /* NSManagedObjectContext+MagicalRecord.m in Sources */ = {isa = PBXBuildFile; fileRef = FFD0D5B2150511F2004201B2 /* NSManagedObjectContext+MagicalRecord.m */; };
		FFD0D5C8150511F2004201B2 /* NSManagedObjectModel+MagicalRecord.m in Sources */ = {isa = PBXBuildFile; fileRef = FFD0D5B4150511F2004201B2 /* NSManagedObjectModel+MagicalRecord.m */; };
		FFD0D5C9150511F2004201B2 /* NSPersistentStore+MagicalRecord.m in Sources */ = {isa = PBXBuildFile; fileRef = FFD0D5B6150511F2004201B2 /* NSPersistentStore+MagicalRecord.m */; };
		FFD0D5CA150511F2004201B2 /* NSPersistentStoreCoordinator+MagicalRecord.m in Sources */ = {isa = PBXBuildFile; fileRef = FFD0D5B8150511F2004201B2 /* NSPersistentStoreCoordinator+MagicalRecord.m */; };
		FFD0D5CB150511F2004201B2 /* MagicalRecordHelpers.m in Sources */ = {isa = PBXBuildFile; fileRef = FFD0D5BB150511F2004201B2 /* MagicalRecordHelpers.m */; };
		FFD0D5CC150511F2004201B2 /* MRCoreDataAction.m in Sources */ = {isa = PBXBuildFile; fileRef = FFD0D5BE150511F2004201B2 /* MRCoreDataAction.m */; };
		FFD0D5CE1505123A004201B2 /* CoreData.framework in Frameworks */ = {isa = PBXBuildFile; fileRef = FFD0D5CD1505123A004201B2 /* CoreData.framework */; };
		FFD0D5D415051381004201B2 /* DataModel.xcdatamodeld in Sources */ = {isa = PBXBuildFile; fileRef = FFD0D5D215051381004201B2 /* DataModel.xcdatamodeld */; };
		FFD0D5DA150515CC004201B2 /* PersonTableViewController.m in Sources */ = {isa = PBXBuildFile; fileRef = FFD0D5D9150515CC004201B2 /* PersonTableViewController.m */; };
		FFD0D5DE150516BD004201B2 /* AddViewController.m in Sources */ = {isa = PBXBuildFile; fileRef = FFD0D5DC150516BD004201B2 /* AddViewController.m */; };
		FFD0D5DF150516BD004201B2 /* AddViewController.xib in Resources */ = {isa = PBXBuildFile; fileRef = FFD0D5DD150516BD004201B2 /* AddViewController.xib */; };
		FFD0D5E515052071004201B2 /* Person.m in Sources */ = {isa = PBXBuildFile; fileRef = FFD0D5E415052071004201B2 /* Person.m */; };
/* End PBXBuildFile section */

/* Begin PBXFileReference section */
		FFD0D58315051116004201B2 /* MagicalRecord Example App.app */ = {isa = PBXFileReference; explicitFileType = wrapper.application; includeInIndex = 0; path = "MagicalRecord Example App.app"; sourceTree = BUILT_PRODUCTS_DIR; };
		FFD0D58715051116004201B2 /* UIKit.framework */ = {isa = PBXFileReference; lastKnownFileType = wrapper.framework; name = UIKit.framework; path = System/Library/Frameworks/UIKit.framework; sourceTree = SDKROOT; };
		FFD0D58915051116004201B2 /* Foundation.framework */ = {isa = PBXFileReference; lastKnownFileType = wrapper.framework; name = Foundation.framework; path = System/Library/Frameworks/Foundation.framework; sourceTree = SDKROOT; };
		FFD0D58B15051116004201B2 /* CoreGraphics.framework */ = {isa = PBXFileReference; lastKnownFileType = wrapper.framework; name = CoreGraphics.framework; path = System/Library/Frameworks/CoreGraphics.framework; sourceTree = SDKROOT; };
		FFD0D58F15051116004201B2 /* MagicalRecord Example App-Info.plist */ = {isa = PBXFileReference; lastKnownFileType = text.plist.xml; path = "MagicalRecord Example App-Info.plist"; sourceTree = "<group>"; };
		FFD0D59115051116004201B2 /* en */ = {isa = PBXFileReference; lastKnownFileType = text.plist.strings; name = en; path = en.lproj/InfoPlist.strings; sourceTree = "<group>"; };
		FFD0D59315051116004201B2 /* main.m */ = {isa = PBXFileReference; lastKnownFileType = sourcecode.c.objc; path = main.m; sourceTree = "<group>"; };
		FFD0D59515051116004201B2 /* MagicalRecord Example App-Prefix.pch */ = {isa = PBXFileReference; lastKnownFileType = sourcecode.c.h; path = "MagicalRecord Example App-Prefix.pch"; sourceTree = "<group>"; };
		FFD0D59615051116004201B2 /* AppDelegate.h */ = {isa = PBXFileReference; lastKnownFileType = sourcecode.c.h; path = AppDelegate.h; sourceTree = "<group>"; };
		FFD0D59715051116004201B2 /* AppDelegate.m */ = {isa = PBXFileReference; lastKnownFileType = sourcecode.c.objc; path = AppDelegate.m; sourceTree = "<group>"; };
		FFD0D5A1150511F2004201B2 /* NSAttributeDescription+MagicalDataImport.h */ = {isa = PBXFileReference; fileEncoding = 4; lastKnownFileType = sourcecode.c.h; path = "NSAttributeDescription+MagicalDataImport.h"; sourceTree = "<group>"; };
		FFD0D5A2150511F2004201B2 /* NSAttributeDescription+MagicalDataImport.m */ = {isa = PBXFileReference; fileEncoding = 4; lastKnownFileType = sourcecode.c.objc; path = "NSAttributeDescription+MagicalDataImport.m"; sourceTree = "<group>"; };
		FFD0D5A3150511F2004201B2 /* NSEntityDescription+MagicalDataImport.h */ = {isa = PBXFileReference; fileEncoding = 4; lastKnownFileType = sourcecode.c.h; path = "NSEntityDescription+MagicalDataImport.h"; sourceTree = "<group>"; };
		FFD0D5A4150511F2004201B2 /* NSEntityDescription+MagicalDataImport.m */ = {isa = PBXFileReference; fileEncoding = 4; lastKnownFileType = sourcecode.c.objc; path = "NSEntityDescription+MagicalDataImport.m"; sourceTree = "<group>"; };
		FFD0D5A5150511F2004201B2 /* NSNumber+MagicalDataImport.h */ = {isa = PBXFileReference; fileEncoding = 4; lastKnownFileType = sourcecode.c.h; path = "NSNumber+MagicalDataImport.h"; sourceTree = "<group>"; };
		FFD0D5A6150511F2004201B2 /* NSNumber+MagicalDataImport.m */ = {isa = PBXFileReference; fileEncoding = 4; lastKnownFileType = sourcecode.c.objc; path = "NSNumber+MagicalDataImport.m"; sourceTree = "<group>"; };
		FFD0D5A7150511F2004201B2 /* NSObject+MagicalDataImport.h */ = {isa = PBXFileReference; fileEncoding = 4; lastKnownFileType = sourcecode.c.h; path = "NSObject+MagicalDataImport.h"; sourceTree = "<group>"; };
		FFD0D5A8150511F2004201B2 /* NSObject+MagicalDataImport.m */ = {isa = PBXFileReference; fileEncoding = 4; lastKnownFileType = sourcecode.c.objc; path = "NSObject+MagicalDataImport.m"; sourceTree = "<group>"; };
		FFD0D5A9150511F2004201B2 /* NSRelationshipDescription+MagicalDataImport.h */ = {isa = PBXFileReference; fileEncoding = 4; lastKnownFileType = sourcecode.c.h; path = "NSRelationshipDescription+MagicalDataImport.h"; sourceTree = "<group>"; };
		FFD0D5AA150511F2004201B2 /* NSRelationshipDescription+MagicalDataImport.m */ = {isa = PBXFileReference; fileEncoding = 4; lastKnownFileType = sourcecode.c.objc; path = "NSRelationshipDescription+MagicalDataImport.m"; sourceTree = "<group>"; };
		FFD0D5AB150511F2004201B2 /* NSString+MagicalDataImport.h */ = {isa = PBXFileReference; fileEncoding = 4; lastKnownFileType = sourcecode.c.h; path = "NSString+MagicalDataImport.h"; sourceTree = "<group>"; };
		FFD0D5AC150511F2004201B2 /* NSString+MagicalDataImport.m */ = {isa = PBXFileReference; fileEncoding = 4; lastKnownFileType = sourcecode.c.objc; path = "NSString+MagicalDataImport.m"; sourceTree = "<group>"; };
		FFD0D5AD150511F2004201B2 /* NSManagedObject+MagicalDataImport.h */ = {isa = PBXFileReference; fileEncoding = 4; lastKnownFileType = sourcecode.c.h; path = "NSManagedObject+MagicalDataImport.h"; sourceTree = "<group>"; };
		FFD0D5AE150511F2004201B2 /* NSManagedObject+MagicalDataImport.m */ = {isa = PBXFileReference; fileEncoding = 4; lastKnownFileType = sourcecode.c.objc; path = "NSManagedObject+MagicalDataImport.m"; sourceTree = "<group>"; };
		FFD0D5AF150511F2004201B2 /* NSManagedObject+MagicalRecord.h */ = {isa = PBXFileReference; fileEncoding = 4; lastKnownFileType = sourcecode.c.h; path = "NSManagedObject+MagicalRecord.h"; sourceTree = "<group>"; };
		FFD0D5B0150511F2004201B2 /* NSManagedObject+MagicalRecord.m */ = {isa = PBXFileReference; fileEncoding = 4; lastKnownFileType = sourcecode.c.objc; path = "NSManagedObject+MagicalRecord.m"; sourceTree = "<group>"; };
		FFD0D5B1150511F2004201B2 /* NSManagedObjectContext+MagicalRecord.h */ = {isa = PBXFileReference; fileEncoding = 4; lastKnownFileType = sourcecode.c.h; path = "NSManagedObjectContext+MagicalRecord.h"; sourceTree = "<group>"; };
		FFD0D5B2150511F2004201B2 /* NSManagedObjectContext+MagicalRecord.m */ = {isa = PBXFileReference; fileEncoding = 4; lastKnownFileType = sourcecode.c.objc; path = "NSManagedObjectContext+MagicalRecord.m"; sourceTree = "<group>"; };
		FFD0D5B3150511F2004201B2 /* NSManagedObjectModel+MagicalRecord.h */ = {isa = PBXFileReference; fileEncoding = 4; lastKnownFileType = sourcecode.c.h; path = "NSManagedObjectModel+MagicalRecord.h"; sourceTree = "<group>"; };
		FFD0D5B4150511F2004201B2 /* NSManagedObjectModel+MagicalRecord.m */ = {isa = PBXFileReference; fileEncoding = 4; lastKnownFileType = sourcecode.c.objc; path = "NSManagedObjectModel+MagicalRecord.m"; sourceTree = "<group>"; };
		FFD0D5B5150511F2004201B2 /* NSPersistentStore+MagicalRecord.h */ = {isa = PBXFileReference; fileEncoding = 4; lastKnownFileType = sourcecode.c.h; path = "NSPersistentStore+MagicalRecord.h"; sourceTree = "<group>"; };
		FFD0D5B6150511F2004201B2 /* NSPersistentStore+MagicalRecord.m */ = {isa = PBXFileReference; fileEncoding = 4; lastKnownFileType = sourcecode.c.objc; path = "NSPersistentStore+MagicalRecord.m"; sourceTree = "<group>"; };
		FFD0D5B7150511F2004201B2 /* NSPersistentStoreCoordinator+MagicalRecord.h */ = {isa = PBXFileReference; fileEncoding = 4; lastKnownFileType = sourcecode.c.h; path = "NSPersistentStoreCoordinator+MagicalRecord.h"; sourceTree = "<group>"; };
		FFD0D5B8150511F2004201B2 /* NSPersistentStoreCoordinator+MagicalRecord.m */ = {isa = PBXFileReference; fileEncoding = 4; lastKnownFileType = sourcecode.c.objc; path = "NSPersistentStoreCoordinator+MagicalRecord.m"; sourceTree = "<group>"; };
		FFD0D5B9150511F2004201B2 /* CoreData+MagicalRecord.h */ = {isa = PBXFileReference; fileEncoding = 4; lastKnownFileType = sourcecode.c.h; path = "CoreData+MagicalRecord.h"; sourceTree = "<group>"; };
		FFD0D5BA150511F2004201B2 /* MagicalRecordHelpers.h */ = {isa = PBXFileReference; fileEncoding = 4; lastKnownFileType = sourcecode.c.h; path = MagicalRecordHelpers.h; sourceTree = "<group>"; };
		FFD0D5BB150511F2004201B2 /* MagicalRecordHelpers.m */ = {isa = PBXFileReference; fileEncoding = 4; lastKnownFileType = sourcecode.c.objc; path = MagicalRecordHelpers.m; sourceTree = "<group>"; };
		FFD0D5BC150511F2004201B2 /* MagicalRecordShorthand.h */ = {isa = PBXFileReference; fileEncoding = 4; lastKnownFileType = sourcecode.c.h; path = MagicalRecordShorthand.h; sourceTree = "<group>"; };
		FFD0D5BD150511F2004201B2 /* MRCoreDataAction.h */ = {isa = PBXFileReference; fileEncoding = 4; lastKnownFileType = sourcecode.c.h; path = MRCoreDataAction.h; sourceTree = "<group>"; };
		FFD0D5BE150511F2004201B2 /* MRCoreDataAction.m */ = {isa = PBXFileReference; fileEncoding = 4; lastKnownFileType = sourcecode.c.objc; path = MRCoreDataAction.m; sourceTree = "<group>"; };
		FFD0D5CD1505123A004201B2 /* CoreData.framework */ = {isa = PBXFileReference; lastKnownFileType = wrapper.framework; name = CoreData.framework; path = System/Library/Frameworks/CoreData.framework; sourceTree = SDKROOT; };
		FFD0D5D315051381004201B2 /* DataModel.xcdatamodel */ = {isa = PBXFileReference; lastKnownFileType = wrapper.xcdatamodel; path = DataModel.xcdatamodel; sourceTree = "<group>"; };
		FFD0D5D8150515CC004201B2 /* PersonTableViewController.h */ = {isa = PBXFileReference; fileEncoding = 4; lastKnownFileType = sourcecode.c.h; path = PersonTableViewController.h; sourceTree = "<group>"; };
		FFD0D5D9150515CC004201B2 /* PersonTableViewController.m */ = {isa = PBXFileReference; fileEncoding = 4; lastKnownFileType = sourcecode.c.objc; path = PersonTableViewController.m; sourceTree = "<group>"; };
		FFD0D5DB150516BD004201B2 /* AddViewController.h */ = {isa = PBXFileReference; fileEncoding = 4; lastKnownFileType = sourcecode.c.h; path = AddViewController.h; sourceTree = "<group>"; };
		FFD0D5DC150516BD004201B2 /* AddViewController.m */ = {isa = PBXFileReference; fileEncoding = 4; lastKnownFileType = sourcecode.c.objc; path = AddViewController.m; sourceTree = "<group>"; };
		FFD0D5DD150516BD004201B2 /* AddViewController.xib */ = {isa = PBXFileReference; fileEncoding = 4; lastKnownFileType = file.xib; path = AddViewController.xib; sourceTree = "<group>"; };
		FFD0D5E315052071004201B2 /* Person.h */ = {isa = PBXFileReference; fileEncoding = 4; lastKnownFileType = sourcecode.c.h; path = Person.h; sourceTree = "<group>"; };
		FFD0D5E415052071004201B2 /* Person.m */ = {isa = PBXFileReference; fileEncoding = 4; lastKnownFileType = sourcecode.c.objc; path = Person.m; sourceTree = "<group>"; };
/* End PBXFileReference section */

/* Begin PBXFrameworksBuildPhase section */
		FFD0D58015051116004201B2 /* Frameworks */ = {
			isa = PBXFrameworksBuildPhase;
			buildActionMask = 2147483647;
			files = (
				FFD0D5CE1505123A004201B2 /* CoreData.framework in Frameworks */,
				FFD0D58815051116004201B2 /* UIKit.framework in Frameworks */,
				FFD0D58A15051116004201B2 /* Foundation.framework in Frameworks */,
				FFD0D58C15051116004201B2 /* CoreGraphics.framework in Frameworks */,
			);
			runOnlyForDeploymentPostprocessing = 0;
		};
/* End PBXFrameworksBuildPhase section */

/* Begin PBXGroup section */
		FFD0D57815051116004201B2 = {
			isa = PBXGroup;
			children = (
				FFD0D58D15051116004201B2 /* MagicalRecord Example App */,
				FFD0D58615051116004201B2 /* Frameworks */,
				FFD0D58415051116004201B2 /* Products */,
			);
			sourceTree = "<group>";
		};
		FFD0D58415051116004201B2 /* Products */ = {
			isa = PBXGroup;
			children = (
				FFD0D58315051116004201B2 /* MagicalRecord Example App.app */,
			);
			name = Products;
			sourceTree = "<group>";
		};
		FFD0D58615051116004201B2 /* Frameworks */ = {
			isa = PBXGroup;
			children = (
				FFD0D59E150511F2004201B2 /* MagicalRecord */,
				FFD0D5CD1505123A004201B2 /* CoreData.framework */,
				FFD0D58715051116004201B2 /* UIKit.framework */,
				FFD0D58915051116004201B2 /* Foundation.framework */,
				FFD0D58B15051116004201B2 /* CoreGraphics.framework */,
			);
			name = Frameworks;
			sourceTree = "<group>";
		};
		FFD0D58D15051116004201B2 /* MagicalRecord Example App */ = {
			isa = PBXGroup;
			children = (
				FFD0D59615051116004201B2 /* AppDelegate.h */,
				FFD0D59715051116004201B2 /* AppDelegate.m */,
				FFD0D5D8150515CC004201B2 /* PersonTableViewController.h */,
				FFD0D5D9150515CC004201B2 /* PersonTableViewController.m */,
				FFD0D5DB150516BD004201B2 /* AddViewController.h */,
				FFD0D5DC150516BD004201B2 /* AddViewController.m */,
				FFD0D5DD150516BD004201B2 /* AddViewController.xib */,
				FFD0D58E15051116004201B2 /* Supporting Files */,
				FFD0D5D215051381004201B2 /* DataModel.xcdatamodeld */,
				FFD0D5E315052071004201B2 /* Person.h */,
				FFD0D5E415052071004201B2 /* Person.m */,
			);
			path = "MagicalRecord Example App";
			sourceTree = "<group>";
		};
		FFD0D58E15051116004201B2 /* Supporting Files */ = {
			isa = PBXGroup;
			children = (
				FFD0D58F15051116004201B2 /* MagicalRecord Example App-Info.plist */,
				FFD0D59015051116004201B2 /* InfoPlist.strings */,
				FFD0D59315051116004201B2 /* main.m */,
				FFD0D59515051116004201B2 /* MagicalRecord Example App-Prefix.pch */,
			);
			name = "Supporting Files";
			sourceTree = "<group>";
		};
		FFD0D59E150511F2004201B2 /* MagicalRecord */ = {
			isa = PBXGroup;
			children = (
				FFD0D59F150511F2004201B2 /* Categories */,
				FFD0D5B9150511F2004201B2 /* CoreData+MagicalRecord.h */,
				FFD0D5BA150511F2004201B2 /* MagicalRecordHelpers.h */,
				FFD0D5BB150511F2004201B2 /* MagicalRecordHelpers.m */,
				FFD0D5BC150511F2004201B2 /* MagicalRecordShorthand.h */,
				FFD0D5BD150511F2004201B2 /* MRCoreDataAction.h */,
				FFD0D5BE150511F2004201B2 /* MRCoreDataAction.m */,
			);
			path = MagicalRecord;
			sourceTree = "<group>";
		};
		FFD0D59F150511F2004201B2 /* Categories */ = {
			isa = PBXGroup;
			children = (
				FFD0D5A0150511F2004201B2 /* DataImport */,
				FFD0D5AD150511F2004201B2 /* NSManagedObject+MagicalDataImport.h */,
				FFD0D5AE150511F2004201B2 /* NSManagedObject+MagicalDataImport.m */,
				FFD0D5AF150511F2004201B2 /* NSManagedObject+MagicalRecord.h */,
				FFD0D5B0150511F2004201B2 /* NSManagedObject+MagicalRecord.m */,
				FFD0D5B1150511F2004201B2 /* NSManagedObjectContext+MagicalRecord.h */,
				FFD0D5B2150511F2004201B2 /* NSManagedObjectContext+MagicalRecord.m */,
				FFD0D5B3150511F2004201B2 /* NSManagedObjectModel+MagicalRecord.h */,
				FFD0D5B4150511F2004201B2 /* NSManagedObjectModel+MagicalRecord.m */,
				FFD0D5B5150511F2004201B2 /* NSPersistentStore+MagicalRecord.h */,
				FFD0D5B6150511F2004201B2 /* NSPersistentStore+MagicalRecord.m */,
				FFD0D5B7150511F2004201B2 /* NSPersistentStoreCoordinator+MagicalRecord.h */,
				FFD0D5B8150511F2004201B2 /* NSPersistentStoreCoordinator+MagicalRecord.m */,
			);
			path = Categories;
			sourceTree = "<group>";
		};
		FFD0D5A0150511F2004201B2 /* DataImport */ = {
			isa = PBXGroup;
			children = (
				FFD0D5A1150511F2004201B2 /* NSAttributeDescription+MagicalDataImport.h */,
				FFD0D5A2150511F2004201B2 /* NSAttributeDescription+MagicalDataImport.m */,
				FFD0D5A3150511F2004201B2 /* NSEntityDescription+MagicalDataImport.h */,
				FFD0D5A4150511F2004201B2 /* NSEntityDescription+MagicalDataImport.m */,
				FFD0D5A5150511F2004201B2 /* NSNumber+MagicalDataImport.h */,
				FFD0D5A6150511F2004201B2 /* NSNumber+MagicalDataImport.m */,
				FFD0D5A7150511F2004201B2 /* NSObject+MagicalDataImport.h */,
				FFD0D5A8150511F2004201B2 /* NSObject+MagicalDataImport.m */,
				FFD0D5A9150511F2004201B2 /* NSRelationshipDescription+MagicalDataImport.h */,
				FFD0D5AA150511F2004201B2 /* NSRelationshipDescription+MagicalDataImport.m */,
				FFD0D5AB150511F2004201B2 /* NSString+MagicalDataImport.h */,
				FFD0D5AC150511F2004201B2 /* NSString+MagicalDataImport.m */,
			);
			path = DataImport;
			sourceTree = "<group>";
		};
/* End PBXGroup section */

/* Begin PBXNativeTarget section */
		FFD0D58215051116004201B2 /* MagicalRecord Example App */ = {
			isa = PBXNativeTarget;
			buildConfigurationList = FFD0D59B15051116004201B2 /* Build configuration list for PBXNativeTarget "MagicalRecord Example App" */;
			buildPhases = (
				FFD0D57F15051116004201B2 /* Sources */,
				FFD0D58015051116004201B2 /* Frameworks */,
				FFD0D58115051116004201B2 /* Resources */,
			);
			buildRules = (
			);
			dependencies = (
			);
			name = "MagicalRecord Example App";
			productName = "MagicalRecord Example App";
			productReference = FFD0D58315051116004201B2 /* MagicalRecord Example App.app */;
			productType = "com.apple.product-type.application";
		};
/* End PBXNativeTarget section */

/* Begin PBXProject section */
		FFD0D57A15051116004201B2 /* Project object */ = {
			isa = PBXProject;
			attributes = {
				LastUpgradeCheck = 0430;
				ORGANIZATIONNAME = Ablfx;
			};
			buildConfigurationList = FFD0D57D15051116004201B2 /* Build configuration list for PBXProject "MagicalRecord Example App" */;
			compatibilityVersion = "Xcode 3.2";
			developmentRegion = English;
			hasScannedForEncodings = 0;
			knownRegions = (
				en,
			);
			mainGroup = FFD0D57815051116004201B2;
			productRefGroup = FFD0D58415051116004201B2 /* Products */;
			projectDirPath = "";
			projectRoot = "";
			targets = (
				FFD0D58215051116004201B2 /* MagicalRecord Example App */,
			);
		};
/* End PBXProject section */

/* Begin PBXResourcesBuildPhase section */
		FFD0D58115051116004201B2 /* Resources */ = {
			isa = PBXResourcesBuildPhase;
			buildActionMask = 2147483647;
			files = (
				FFD0D59215051116004201B2 /* InfoPlist.strings in Resources */,
				FFD0D5DF150516BD004201B2 /* AddViewController.xib in Resources */,
			);
			runOnlyForDeploymentPostprocessing = 0;
		};
/* End PBXResourcesBuildPhase section */

/* Begin PBXSourcesBuildPhase section */
		FFD0D57F15051116004201B2 /* Sources */ = {
			isa = PBXSourcesBuildPhase;
			buildActionMask = 2147483647;
			files = (
				FFD0D59415051116004201B2 /* main.m in Sources */,
				FFD0D59815051116004201B2 /* AppDelegate.m in Sources */,
				FFD0D5BF150511F2004201B2 /* NSAttributeDescription+MagicalDataImport.m in Sources */,
				FFD0D5C0150511F2004201B2 /* NSEntityDescription+MagicalDataImport.m in Sources */,
				FFD0D5C1150511F2004201B2 /* NSNumber+MagicalDataImport.m in Sources */,
				FFD0D5C2150511F2004201B2 /* NSObject+MagicalDataImport.m in Sources */,
				FFD0D5C3150511F2004201B2 /* NSRelationshipDescription+MagicalDataImport.m in Sources */,
				FFD0D5C4150511F2004201B2 /* NSString+MagicalDataImport.m in Sources */,
				FFD0D5C5150511F2004201B2 /* NSManagedObject+MagicalDataImport.m in Sources */,
				FFD0D5C6150511F2004201B2 /* NSManagedObject+MagicalRecord.m in Sources */,
				FFD0D5C7150511F2004201B2 /* NSManagedObjectContext+MagicalRecord.m in Sources */,
				FFD0D5C8150511F2004201B2 /* NSManagedObjectModel+MagicalRecord.m in Sources */,
				FFD0D5C9150511F2004201B2 /* NSPersistentStore+MagicalRecord.m in Sources */,
				FFD0D5CA150511F2004201B2 /* NSPersistentStoreCoordinator+MagicalRecord.m in Sources */,
				FFD0D5CB150511F2004201B2 /* MagicalRecordHelpers.m in Sources */,
				FFD0D5CC150511F2004201B2 /* MRCoreDataAction.m in Sources */,
				FFD0D5D415051381004201B2 /* DataModel.xcdatamodeld in Sources */,
				FFD0D5DA150515CC004201B2 /* PersonTableViewController.m in Sources */,
				FFD0D5DE150516BD004201B2 /* AddViewController.m in Sources */,
				FFD0D5E515052071004201B2 /* Person.m in Sources */,
			);
			runOnlyForDeploymentPostprocessing = 0;
		};
/* End PBXSourcesBuildPhase section */

/* Begin PBXVariantGroup section */
		FFD0D59015051116004201B2 /* InfoPlist.strings */ = {
			isa = PBXVariantGroup;
			children = (
				FFD0D59115051116004201B2 /* en */,
			);
			name = InfoPlist.strings;
			sourceTree = "<group>";
		};
/* End PBXVariantGroup section */

/* Begin XCBuildConfiguration section */
		FFD0D59915051116004201B2 /* Debug */ = {
			isa = XCBuildConfiguration;
			buildSettings = {
				ALWAYS_SEARCH_USER_PATHS = NO;
				ARCHS = "$(ARCHS_STANDARD_32_BIT)";
				"CODE_SIGN_IDENTITY[sdk=iphoneos*]" = "iPhone Developer";
				COPY_PHASE_STRIP = NO;
				GCC_C_LANGUAGE_STANDARD = gnu99;
				GCC_DYNAMIC_NO_PIC = NO;
				GCC_OPTIMIZATION_LEVEL = 0;
				GCC_PREPROCESSOR_DEFINITIONS = (
					"DEBUG=1",
					"$(inherited)",
				);
				GCC_SYMBOLS_PRIVATE_EXTERN = NO;
				GCC_VERSION = com.apple.compilers.llvm.clang.1_0;
				GCC_WARN_ABOUT_RETURN_TYPE = YES;
				GCC_WARN_UNINITIALIZED_AUTOS = YES;
				GCC_WARN_UNUSED_VARIABLE = YES;
				IPHONEOS_DEPLOYMENT_TARGET = 5.0;
				SDKROOT = iphoneos;
			};
			name = Debug;
		};
		FFD0D59A15051116004201B2 /* Release */ = {
			isa = XCBuildConfiguration;
			buildSettings = {
				ALWAYS_SEARCH_USER_PATHS = NO;
				ARCHS = "$(ARCHS_STANDARD_32_BIT)";
				"CODE_SIGN_IDENTITY[sdk=iphoneos*]" = "iPhone Developer";
				COPY_PHASE_STRIP = YES;
				GCC_C_LANGUAGE_STANDARD = gnu99;
				GCC_VERSION = com.apple.compilers.llvm.clang.1_0;
				GCC_WARN_ABOUT_RETURN_TYPE = YES;
				GCC_WARN_UNINITIALIZED_AUTOS = YES;
				GCC_WARN_UNUSED_VARIABLE = YES;
				IPHONEOS_DEPLOYMENT_TARGET = 5.0;
				OTHER_CFLAGS = "-DNS_BLOCK_ASSERTIONS=1";
				SDKROOT = iphoneos;
				VALIDATE_PRODUCT = YES;
			};
			name = Release;
		};
		FFD0D59C15051116004201B2 /* Debug */ = {
			isa = XCBuildConfiguration;
			buildSettings = {
				GCC_PRECOMPILE_PREFIX_HEADER = YES;
				GCC_PREFIX_HEADER = "MagicalRecord Example App/MagicalRecord Example App-Prefix.pch";
				INFOPLIST_FILE = "MagicalRecord Example App/MagicalRecord Example App-Info.plist";
				PRODUCT_NAME = "$(TARGET_NAME)";
				WRAPPER_EXTENSION = app;
			};
			name = Debug;
		};
		FFD0D59D15051116004201B2 /* Release */ = {
			isa = XCBuildConfiguration;
			buildSettings = {
				GCC_PRECOMPILE_PREFIX_HEADER = YES;
				GCC_PREFIX_HEADER = "MagicalRecord Example App/MagicalRecord Example App-Prefix.pch";
				INFOPLIST_FILE = "MagicalRecord Example App/MagicalRecord Example App-Info.plist";
				PRODUCT_NAME = "$(TARGET_NAME)";
				WRAPPER_EXTENSION = app;
			};
			name = Release;
		};
/* End XCBuildConfiguration section */

/* Begin XCConfigurationList section */
		FFD0D57D15051116004201B2 /* Build configuration list for PBXProject "MagicalRecord Example App" */ = {
			isa = XCConfigurationList;
			buildConfigurations = (
				FFD0D59915051116004201B2 /* Debug */,
				FFD0D59A15051116004201B2 /* Release */,
			);
			defaultConfigurationIsVisible = 0;
			defaultConfigurationName = Release;
		};
		FFD0D59B15051116004201B2 /* Build configuration list for PBXNativeTarget "MagicalRecord Example App" */ = {
			isa = XCConfigurationList;
			buildConfigurations = (
				FFD0D59C15051116004201B2 /* Debug */,
				FFD0D59D15051116004201B2 /* Release */,
			);
			defaultConfigurationIsVisible = 0;
		};
/* End XCConfigurationList section */

/* Begin XCVersionGroup section */
		FFD0D5D215051381004201B2 /* DataModel.xcdatamodeld */ = {
			isa = XCVersionGroup;
			children = (
				FFD0D5D315051381004201B2 /* DataModel.xcdatamodel */,
			);
			currentVersion = FFD0D5D315051381004201B2 /* DataModel.xcdatamodel */;
			path = DataModel.xcdatamodeld;
			sourceTree = "<group>";
			versionGroupType = wrapper.xcdatamodel;
		};
/* End XCVersionGroup section */
	};
	rootObject = FFD0D57A15051116004201B2 /* Project object */;
}
